// !$*UTF8*$!
{
	archiveVersion = 1;
	classes = {
	};
	objectVersion = 50;
	objects = {

/* Begin PBXBuildFile section */
		7428D27325323CD100AEDF76 /* AppDelegate.swift in Sources */ = {isa = PBXBuildFile; fileRef = 7428D27225323CD100AEDF76 /* AppDelegate.swift */; };
		7428D27525323CD100AEDF76 /* SceneDelegate.swift in Sources */ = {isa = PBXBuildFile; fileRef = 7428D27425323CD100AEDF76 /* SceneDelegate.swift */; };
		7428D27725323CD100AEDF76 /* ViewController.swift in Sources */ = {isa = PBXBuildFile; fileRef = 7428D27625323CD100AEDF76 /* ViewController.swift */; };
		7428D27A25323CD100AEDF76 /* Main.storyboard in Resources */ = {isa = PBXBuildFile; fileRef = 7428D27825323CD100AEDF76 /* Main.storyboard */; };
		7428D27C25323CD700AEDF76 /* Assets.xcassets in Resources */ = {isa = PBXBuildFile; fileRef = 7428D27B25323CD700AEDF76 /* Assets.xcassets */; };
		7428D27F25323CD700AEDF76 /* LaunchScreen.storyboard in Resources */ = {isa = PBXBuildFile; fileRef = 7428D27D25323CD700AEDF76 /* LaunchScreen.storyboard */; };
		7428D29525323D1700AEDF76 /* CoveredClass.swift in Sources */ = {isa = PBXBuildFile; fileRef = 7428D29425323D1700AEDF76 /* CoveredClass.swift */; };
		7428D29725323DA800AEDF76 /* CoveredClassTests.swift in Sources */ = {isa = PBXBuildFile; fileRef = 7428D29625323DA800AEDF76 /* CoveredClassTests.swift */; };
/* End PBXBuildFile section */

/* Begin PBXContainerItemProxy section */
		7428D28625323CD700AEDF76 /* PBXContainerItemProxy */ = {
			isa = PBXContainerItemProxy;
			containerPortal = 7428D26725323CD100AEDF76 /* Project object */;
			proxyType = 1;
			remoteGlobalIDString = 7428D26E25323CD100AEDF76;
			remoteInfo = CodeCoverage;
		};
/* End PBXContainerItemProxy section */

/* Begin PBXFileReference section */
		7428D26F25323CD100AEDF76 /* CodeCoverage.app */ = {isa = PBXFileReference; explicitFileType = wrapper.application; includeInIndex = 0; path = CodeCoverage.app; sourceTree = BUILT_PRODUCTS_DIR; };
		7428D27225323CD100AEDF76 /* AppDelegate.swift */ = {isa = PBXFileReference; lastKnownFileType = sourcecode.swift; path = AppDelegate.swift; sourceTree = "<group>"; };
		7428D27425323CD100AEDF76 /* SceneDelegate.swift */ = {isa = PBXFileReference; lastKnownFileType = sourcecode.swift; path = SceneDelegate.swift; sourceTree = "<group>"; };
		7428D27625323CD100AEDF76 /* ViewController.swift */ = {isa = PBXFileReference; lastKnownFileType = sourcecode.swift; path = ViewController.swift; sourceTree = "<group>"; };
		7428D27925323CD100AEDF76 /* Base */ = {isa = PBXFileReference; lastKnownFileType = file.storyboard; name = Base; path = Base.lproj/Main.storyboard; sourceTree = "<group>"; };
		7428D27B25323CD700AEDF76 /* Assets.xcassets */ = {isa = PBXFileReference; lastKnownFileType = folder.assetcatalog; path = Assets.xcassets; sourceTree = "<group>"; };
		7428D27E25323CD700AEDF76 /* Base */ = {isa = PBXFileReference; lastKnownFileType = file.storyboard; name = Base; path = Base.lproj/LaunchScreen.storyboard; sourceTree = "<group>"; };
		7428D28025323CD700AEDF76 /* Info.plist */ = {isa = PBXFileReference; lastKnownFileType = text.plist.xml; path = Info.plist; sourceTree = "<group>"; };
		7428D28525323CD700AEDF76 /* CodeCoverageTests.xctest */ = {isa = PBXFileReference; explicitFileType = wrapper.cfbundle; includeInIndex = 0; path = CodeCoverageTests.xctest; sourceTree = BUILT_PRODUCTS_DIR; };
		7428D28B25323CD700AEDF76 /* Info.plist */ = {isa = PBXFileReference; lastKnownFileType = text.plist.xml; path = Info.plist; sourceTree = "<group>"; };
		7428D29425323D1700AEDF76 /* CoveredClass.swift */ = {isa = PBXFileReference; lastKnownFileType = sourcecode.swift; path = CoveredClass.swift; sourceTree = "<group>"; };
		7428D29625323DA800AEDF76 /* CoveredClassTests.swift */ = {isa = PBXFileReference; lastKnownFileType = sourcecode.swift; path = CoveredClassTests.swift; sourceTree = "<group>"; };
/* End PBXFileReference section */

/* Begin PBXFrameworksBuildPhase section */
		7428D26C25323CD100AEDF76 /* Frameworks */ = {
			isa = PBXFrameworksBuildPhase;
			buildActionMask = 2147483647;
			files = (
			);
			runOnlyForDeploymentPostprocessing = 0;
		};
		7428D28225323CD700AEDF76 /* Frameworks */ = {
			isa = PBXFrameworksBuildPhase;
			buildActionMask = 2147483647;
			files = (
			);
			runOnlyForDeploymentPostprocessing = 0;
		};
/* End PBXFrameworksBuildPhase section */

/* Begin PBXGroup section */
		7428D26625323CD100AEDF76 = {
			isa = PBXGroup;
			children = (
				7428D27125323CD100AEDF76 /* CodeCoverage */,
				7428D28825323CD700AEDF76 /* CodeCoverageTests */,
				7428D27025323CD100AEDF76 /* Products */,
			);
			sourceTree = "<group>";
		};
		7428D27025323CD100AEDF76 /* Products */ = {
			isa = PBXGroup;
			children = (
				7428D26F25323CD100AEDF76 /* CodeCoverage.app */,
				7428D28525323CD700AEDF76 /* CodeCoverageTests.xctest */,
			);
			name = Products;
			sourceTree = "<group>";
		};
		7428D27125323CD100AEDF76 /* CodeCoverage */ = {
			isa = PBXGroup;
			children = (
				7428D27225323CD100AEDF76 /* AppDelegate.swift */,
				7428D27425323CD100AEDF76 /* SceneDelegate.swift */,
				7428D27625323CD100AEDF76 /* ViewController.swift */,
				7428D27825323CD100AEDF76 /* Main.storyboard */,
				7428D27B25323CD700AEDF76 /* Assets.xcassets */,
				7428D27D25323CD700AEDF76 /* LaunchScreen.storyboard */,
				7428D28025323CD700AEDF76 /* Info.plist */,
				7428D29425323D1700AEDF76 /* CoveredClass.swift */,
			);
			path = CodeCoverage;
			sourceTree = "<group>";
		};
		7428D28825323CD700AEDF76 /* CodeCoverageTests */ = {
			isa = PBXGroup;
			children = (
				7428D28B25323CD700AEDF76 /* Info.plist */,
				7428D29625323DA800AEDF76 /* CoveredClassTests.swift */,
			);
			path = CodeCoverageTests;
			sourceTree = "<group>";
		};
/* End PBXGroup section */

/* Begin PBXNativeTarget section */
		7428D26E25323CD100AEDF76 /* CodeCoverage */ = {
			isa = PBXNativeTarget;
			buildConfigurationList = 7428D28E25323CD700AEDF76 /* Build configuration list for PBXNativeTarget "CodeCoverage" */;
			buildPhases = (
				7428D26B25323CD100AEDF76 /* Sources */,
				7428D26C25323CD100AEDF76 /* Frameworks */,
				7428D26D25323CD100AEDF76 /* Resources */,
			);
			buildRules = (
			);
			dependencies = (
			);
			name = CodeCoverage;
			productName = CodeCoverage;
			productReference = 7428D26F25323CD100AEDF76 /* CodeCoverage.app */;
			productType = "com.apple.product-type.application";
		};
		7428D28425323CD700AEDF76 /* CodeCoverageTests */ = {
			isa = PBXNativeTarget;
			buildConfigurationList = 7428D29125323CD700AEDF76 /* Build configuration list for PBXNativeTarget "CodeCoverageTests" */;
			buildPhases = (
				7428D28125323CD700AEDF76 /* Sources */,
				7428D28225323CD700AEDF76 /* Frameworks */,
				7428D28325323CD700AEDF76 /* Resources */,
			);
			buildRules = (
			);
			dependencies = (
				7428D28725323CD700AEDF76 /* PBXTargetDependency */,
			);
			name = CodeCoverageTests;
			productName = CodeCoverageTests;
			productReference = 7428D28525323CD700AEDF76 /* CodeCoverageTests.xctest */;
			productType = "com.apple.product-type.bundle.unit-test";
		};
/* End PBXNativeTarget section */

/* Begin PBXProject section */
		7428D26725323CD100AEDF76 /* Project object */ = {
			isa = PBXProject;
			attributes = {
				LastSwiftUpdateCheck = 1170;
				LastUpgradeCheck = 1170;
				ORGANIZATIONNAME = "Carmen Salvador";
				TargetAttributes = {
					7428D26E25323CD100AEDF76 = {
						CreatedOnToolsVersion = 11.7;
					};
					7428D28425323CD700AEDF76 = {
						CreatedOnToolsVersion = 11.7;
						LastSwiftMigration = 1170;
						TestTargetID = 7428D26E25323CD100AEDF76;
					};
				};
			};
			buildConfigurationList = 7428D26A25323CD100AEDF76 /* Build configuration list for PBXProject "CodeCoverage" */;
			compatibilityVersion = "Xcode 9.3";
			developmentRegion = en;
			hasScannedForEncodings = 0;
			knownRegions = (
				en,
				Base,
			);
			mainGroup = 7428D26625323CD100AEDF76;
			productRefGroup = 7428D27025323CD100AEDF76 /* Products */;
			projectDirPath = "";
			projectRoot = "";
			targets = (
				7428D26E25323CD100AEDF76 /* CodeCoverage */,
				7428D28425323CD700AEDF76 /* CodeCoverageTests */,
			);
		};
/* End PBXProject section */

/* Begin PBXResourcesBuildPhase section */
		7428D26D25323CD100AEDF76 /* Resources */ = {
			isa = PBXResourcesBuildPhase;
			buildActionMask = 2147483647;
			files = (
				7428D27F25323CD700AEDF76 /* LaunchScreen.storyboard in Resources */,
				7428D27C25323CD700AEDF76 /* Assets.xcassets in Resources */,
				7428D27A25323CD100AEDF76 /* Main.storyboard in Resources */,
			);
			runOnlyForDeploymentPostprocessing = 0;
		};
		7428D28325323CD700AEDF76 /* Resources */ = {
			isa = PBXResourcesBuildPhase;
			buildActionMask = 2147483647;
			files = (
			);
			runOnlyForDeploymentPostprocessing = 0;
		};
/* End PBXResourcesBuildPhase section */

/* Begin PBXSourcesBuildPhase section */
		7428D26B25323CD100AEDF76 /* Sources */ = {
			isa = PBXSourcesBuildPhase;
			buildActionMask = 2147483647;
			files = (
				7428D27725323CD100AEDF76 /* ViewController.swift in Sources */,
				7428D27325323CD100AEDF76 /* AppDelegate.swift in Sources */,
				7428D27525323CD100AEDF76 /* SceneDelegate.swift in Sources */,
				7428D29525323D1700AEDF76 /* CoveredClass.swift in Sources */,
			);
			runOnlyForDeploymentPostprocessing = 0;
		};
		7428D28125323CD700AEDF76 /* Sources */ = {
			isa = PBXSourcesBuildPhase;
			buildActionMask = 2147483647;
			files = (
				7428D29725323DA800AEDF76 /* CoveredClassTests.swift in Sources */,
			);
			runOnlyForDeploymentPostprocessing = 0;
		};
/* End PBXSourcesBuildPhase section */

/* Begin PBXTargetDependency section */
		7428D28725323CD700AEDF76 /* PBXTargetDependency */ = {
			isa = PBXTargetDependency;
			target = 7428D26E25323CD100AEDF76 /* CodeCoverage */;
			targetProxy = 7428D28625323CD700AEDF76 /* PBXContainerItemProxy */;
		};
/* End PBXTargetDependency section */

/* Begin PBXVariantGroup section */
		7428D27825323CD100AEDF76 /* Main.storyboard */ = {
			isa = PBXVariantGroup;
			children = (
				7428D27925323CD100AEDF76 /* Base */,
			);
			name = Main.storyboard;
			sourceTree = "<group>";
		};
		7428D27D25323CD700AEDF76 /* LaunchScreen.storyboard */ = {
			isa = PBXVariantGroup;
			children = (
				7428D27E25323CD700AEDF76 /* Base */,
			);
			name = LaunchScreen.storyboard;
			sourceTree = "<group>";
		};
/* End PBXVariantGroup section */

/* Begin XCBuildConfiguration section */
		7428D28C25323CD700AEDF76 /* Debug */ = {
			isa = XCBuildConfiguration;
			buildSettings = {
				ALWAYS_SEARCH_USER_PATHS = NO;
				CLANG_ANALYZER_NONNULL = YES;
				CLANG_ANALYZER_NUMBER_OBJECT_CONVERSION = YES_AGGRESSIVE;
				CLANG_CXX_LANGUAGE_STANDARD = "gnu++14";
				CLANG_CXX_LIBRARY = "libc++";
				CLANG_ENABLE_MODULES = YES;
				CLANG_ENABLE_OBJC_ARC = YES;
				CLANG_ENABLE_OBJC_WEAK = YES;
				CLANG_WARN_BLOCK_CAPTURE_AUTORELEASING = YES;
				CLANG_WARN_BOOL_CONVERSION = YES;
				CLANG_WARN_COMMA = YES;
				CLANG_WARN_CONSTANT_CONVERSION = YES;
				CLANG_WARN_DEPRECATED_OBJC_IMPLEMENTATIONS = YES;
				CLANG_WARN_DIRECT_OBJC_ISA_USAGE = YES_ERROR;
				CLANG_WARN_DOCUMENTATION_COMMENTS = YES;
				CLANG_WARN_EMPTY_BODY = YES;
				CLANG_WARN_ENUM_CONVERSION = YES;
				CLANG_WARN_INFINITE_RECURSION = YES;
				CLANG_WARN_INT_CONVERSION = YES;
				CLANG_WARN_NON_LITERAL_NULL_CONVERSION = YES;
				CLANG_WARN_OBJC_IMPLICIT_RETAIN_SELF = YES;
				CLANG_WARN_OBJC_LITERAL_CONVERSION = YES;
				CLANG_WARN_OBJC_ROOT_CLASS = YES_ERROR;
				CLANG_WARN_RANGE_LOOP_ANALYSIS = YES;
				CLANG_WARN_STRICT_PROTOTYPES = YES;
				CLANG_WARN_SUSPICIOUS_MOVE = YES;
				CLANG_WARN_UNGUARDED_AVAILABILITY = YES_AGGRESSIVE;
				CLANG_WARN_UNREACHABLE_CODE = YES;
				CLANG_WARN__DUPLICATE_METHOD_MATCH = YES;
				COPY_PHASE_STRIP = NO;
				DEBUG_INFORMATION_FORMAT = dwarf;
				ENABLE_STRICT_OBJC_MSGSEND = YES;
				ENABLE_TESTABILITY = YES;
				GCC_C_LANGUAGE_STANDARD = gnu11;
				GCC_DYNAMIC_NO_PIC = NO;
				GCC_NO_COMMON_BLOCKS = YES;
				GCC_OPTIMIZATION_LEVEL = 0;
				GCC_PREPROCESSOR_DEFINITIONS = (
					"DEBUG=1",
					"$(inherited)",
				);
				GCC_WARN_64_TO_32_BIT_CONVERSION = YES;
				GCC_WARN_ABOUT_RETURN_TYPE = YES_ERROR;
				GCC_WARN_UNDECLARED_SELECTOR = YES;
				GCC_WARN_UNINITIALIZED_AUTOS = YES_AGGRESSIVE;
				GCC_WARN_UNUSED_FUNCTION = YES;
				GCC_WARN_UNUSED_VARIABLE = YES;
				IPHONEOS_DEPLOYMENT_TARGET = 13.7;
				MTL_ENABLE_DEBUG_INFO = INCLUDE_SOURCE;
				MTL_FAST_MATH = YES;
				ONLY_ACTIVE_ARCH = YES;
				SDKROOT = iphoneos;
				SWIFT_ACTIVE_COMPILATION_CONDITIONS = DEBUG;
				SWIFT_OPTIMIZATION_LEVEL = "-Onone";
			};
			name = Debug;
		};
		7428D28D25323CD700AEDF76 /* Release */ = {
			isa = XCBuildConfiguration;
			buildSettings = {
				ALWAYS_SEARCH_USER_PATHS = NO;
				CLANG_ANALYZER_NONNULL = YES;
				CLANG_ANALYZER_NUMBER_OBJECT_CONVERSION = YES_AGGRESSIVE;
				CLANG_CXX_LANGUAGE_STANDARD = "gnu++14";
				CLANG_CXX_LIBRARY = "libc++";
				CLANG_ENABLE_MODULES = YES;
				CLANG_ENABLE_OBJC_ARC = YES;
				CLANG_ENABLE_OBJC_WEAK = YES;
				CLANG_WARN_BLOCK_CAPTURE_AUTORELEASING = YES;
				CLANG_WARN_BOOL_CONVERSION = YES;
				CLANG_WARN_COMMA = YES;
				CLANG_WARN_CONSTANT_CONVERSION = YES;
				CLANG_WARN_DEPRECATED_OBJC_IMPLEMENTATIONS = YES;
				CLANG_WARN_DIRECT_OBJC_ISA_USAGE = YES_ERROR;
				CLANG_WARN_DOCUMENTATION_COMMENTS = YES;
				CLANG_WARN_EMPTY_BODY = YES;
				CLANG_WARN_ENUM_CONVERSION = YES;
				CLANG_WARN_INFINITE_RECURSION = YES;
				CLANG_WARN_INT_CONVERSION = YES;
				CLANG_WARN_NON_LITERAL_NULL_CONVERSION = YES;
				CLANG_WARN_OBJC_IMPLICIT_RETAIN_SELF = YES;
				CLANG_WARN_OBJC_LITERAL_CONVERSION = YES;
				CLANG_WARN_OBJC_ROOT_CLASS = YES_ERROR;
				CLANG_WARN_RANGE_LOOP_ANALYSIS = YES;
				CLANG_WARN_STRICT_PROTOTYPES = YES;
				CLANG_WARN_SUSPICIOUS_MOVE = YES;
				CLANG_WARN_UNGUARDED_AVAILABILITY = YES_AGGRESSIVE;
				CLANG_WARN_UNREACHABLE_CODE = YES;
				CLANG_WARN__DUPLICATE_METHOD_MATCH = YES;
				COPY_PHASE_STRIP = NO;
				DEBUG_INFORMATION_FORMAT = "dwarf-with-dsym";
				ENABLE_NS_ASSERTIONS = NO;
				ENABLE_STRICT_OBJC_MSGSEND = YES;
				GCC_C_LANGUAGE_STANDARD = gnu11;
				GCC_NO_COMMON_BLOCKS = YES;
				GCC_WARN_64_TO_32_BIT_CONVERSION = YES;
				GCC_WARN_ABOUT_RETURN_TYPE = YES_ERROR;
				GCC_WARN_UNDECLARED_SELECTOR = YES;
				GCC_WARN_UNINITIALIZED_AUTOS = YES_AGGRESSIVE;
				GCC_WARN_UNUSED_FUNCTION = YES;
				GCC_WARN_UNUSED_VARIABLE = YES;
				IPHONEOS_DEPLOYMENT_TARGET = 13.7;
				MTL_ENABLE_DEBUG_INFO = NO;
				MTL_FAST_MATH = YES;
				SDKROOT = iphoneos;
				SWIFT_COMPILATION_MODE = wholemodule;
				SWIFT_OPTIMIZATION_LEVEL = "-O";
				VALIDATE_PRODUCT = YES;
			};
			name = Release;
		};
		7428D28F25323CD700AEDF76 /* Debug */ = {
			isa = XCBuildConfiguration;
			buildSettings = {
				ASSETCATALOG_COMPILER_APPICON_NAME = AppIcon;
				CODE_SIGN_STYLE = Automatic;
				DEVELOPMENT_TEAM = 7RMZ8WA3DG;
				INFOPLIST_FILE = CodeCoverage/Info.plist;
				LD_RUNPATH_SEARCH_PATHS = (
					"$(inherited)",
					"@executable_path/Frameworks",
				);
				PRODUCT_BUNDLE_IDENTIFIER = com.carmen.CodeCoverage;
				PRODUCT_NAME = "$(TARGET_NAME)";
				SWIFT_VERSION = 5.0;
				TARGETED_DEVICE_FAMILY = "1,2";
			};
			name = Debug;
		};
		7428D29025323CD700AEDF76 /* Release */ = {
			isa = XCBuildConfiguration;
			buildSettings = {
				ASSETCATALOG_COMPILER_APPICON_NAME = AppIcon;
				CODE_SIGN_STYLE = Automatic;
				DEVELOPMENT_TEAM = 7RMZ8WA3DG;
				INFOPLIST_FILE = CodeCoverage/Info.plist;
				LD_RUNPATH_SEARCH_PATHS = (
					"$(inherited)",
					"@executable_path/Frameworks",
				);
				PRODUCT_BUNDLE_IDENTIFIER = com.carmen.CodeCoverage;
				PRODUCT_NAME = "$(TARGET_NAME)";
				SWIFT_VERSION = 5.0;
				TARGETED_DEVICE_FAMILY = "1,2";
			};
			name = Release;
		};
		7428D29225323CD700AEDF76 /* Debug */ = {
			isa = XCBuildConfiguration;
			buildSettings = {
				ALWAYS_EMBED_SWIFT_STANDARD_LIBRARIES = YES;
				BUNDLE_LOADER = "$(TEST_HOST)";
				CLANG_ENABLE_MODULES = YES;
				CODE_SIGN_STYLE = Automatic;
				DEVELOPMENT_TEAM = 7RMZ8WA3DG;
				INFOPLIST_FILE = CodeCoverageTests/Info.plist;
				IPHONEOS_DEPLOYMENT_TARGET = 13.7;
				LD_RUNPATH_SEARCH_PATHS = (
					"$(inherited)",
					"@executable_path/Frameworks",
					"@loader_path/Frameworks",
				);
				PRODUCT_BUNDLE_IDENTIFIER = com.carmen.CodeCoverageTests;
				PRODUCT_NAME = "$(TARGET_NAME)";
				SWIFT_OPTIMIZATION_LEVEL = "-Onone";
				SWIFT_VERSION = 5.0;
				TARGETED_DEVICE_FAMILY = "1,2";
				TEST_HOST = "$(BUILT_PRODUCTS_DIR)/CodeCoverage.app/CodeCoverage";
			};
			name = Debug;
		};
		7428D29325323CD700AEDF76 /* Release */ = {
			isa = XCBuildConfiguration;
			buildSettings = {
				ALWAYS_EMBED_SWIFT_STANDARD_LIBRARIES = YES;
				BUNDLE_LOADER = "$(TEST_HOST)";
				CLANG_ENABLE_MODULES = YES;
				CODE_SIGN_STYLE = Automatic;
				DEVELOPMENT_TEAM = 7RMZ8WA3DG;
				INFOPLIST_FILE = CodeCoverageTests/Info.plist;
				IPHONEOS_DEPLOYMENT_TARGET = 13.7;
				LD_RUNPATH_SEARCH_PATHS = (
					"$(inherited)",
					"@executable_path/Frameworks",
					"@loader_path/Frameworks",
				);
				PRODUCT_BUNDLE_IDENTIFIER = com.carmen.CodeCoverageTests;
				PRODUCT_NAME = "$(TARGET_NAME)";
				SWIFT_VERSION = 5.0;
				TARGETED_DEVICE_FAMILY = "1,2";
				TEST_HOST = "$(BUILT_PRODUCTS_DIR)/CodeCoverage.app/CodeCoverage";
			};
			name = Release;
		};
/* End XCBuildConfiguration section */

/* Begin XCConfigurationList section */
		7428D26A25323CD100AEDF76 /* Build configuration list for PBXProject "CodeCoverage" */ = {
			isa = XCConfigurationList;
			buildConfigurations = (
				7428D28C25323CD700AEDF76 /* Debug */,
				7428D28D25323CD700AEDF76 /* Release */,
			);
			defaultConfigurationIsVisible = 0;
			defaultConfigurationName = Release;
		};
		7428D28E25323CD700AEDF76 /* Build configuration list for PBXNativeTarget "CodeCoverage" */ = {
			isa = XCConfigurationList;
			buildConfigurations = (
				7428D28F25323CD700AEDF76 /* Debug */,
				7428D29025323CD700AEDF76 /* Release */,
			);
			defaultConfigurationIsVisible = 0;
			defaultConfigurationName = Release;
		};
		7428D29125323CD700AEDF76 /* Build configuration list for PBXNativeTarget "CodeCoverageTests" */ = {
			isa = XCConfigurationList;
			buildConfigurations = (
				7428D29225323CD700AEDF76 /* Debug */,
				7428D29325323CD700AEDF76 /* Release */,
			);
			defaultConfigurationIsVisible = 0;
			defaultConfigurationName = Release;
		};
/* End XCConfigurationList section */
	};
	rootObject = 7428D26725323CD100AEDF76 /* Project object */;
}
